
Microsoft Visual Studio Solution File, Format Version 12.00
# Visual Studio Version 16
VisualStudioVersion = 16.0.33927.289
MinimumVisualStudioVersion = 10.0.40219.1
Project("{FAE04EC0-301F-11D3-BF4B-00C04F79EFBC}") = "test", "test.csproj", "{20A5F07D-B6F1-41BC-BAED-02C3D0B4754C}"
EndProject
Global
	GlobalSection(SolutionConfigurationPlatforms) = preSolution
		Debug|Any CPU = Debug|Any CPU
		Release|Any CPU = Release|Any CPU
	EndGlobalSection
	GlobalSection(ProjectConfigurationPlatforms) = postSolution
		{20A5F07D-B6F1-41BC-BAED-02C3D0B4754C}.Debug|Any CPU.ActiveCfg = Debug|Any CPU
		{20A5F07D-B6F1-41BC-BAED-02C3D0B4754C}.Debug|Any CPU.Build.0 = Debug|Any CPU
		{20A5F07D-B6F1-41BC-BAED-02C3D0B4754C}.Release|Any CPU.ActiveCfg = Release|Any CPU
		{20A5F07D-B6F1-41BC-BAED-02C3D0B4754C}.Release|Any CPU.Build.0 = Release|Any CPU
	EndGlobalSection
	GlobalSection(SolutionProperties) = preSolution
		HideSolutionNode = FALSE
	EndGlobalSection
	GlobalSection(ExtensibilityGlobals) = postSolution
		SolutionGuid = {3DA3F09D-1326-4980-854A-9E839E15189E}
	EndGlobalSection
EndGlobal
